{
  "name": "unitecnar",
  "version": "0.0.0",
  "lockfileVersion": 3,
  "requires": true,
  "packages": {
    "": {
      "name": "unitecnar",
      "version": "0.0.0",
      "private": true,
      "type": "module",
      "dependencies": {
        "gsap": "^3.15.0",
        "lil-gui": "^0.21.0",
        "qrcode": "^1.5.3",
        "stats.js": "^0.17.0",
        "three": "^0.184.0"
      },
      "devDependencies": {
        "@types/three": "^0.184.1",
        "vite": "^8.0.12",
        "vite-plugin-glsl": "^1.6.0"
      }
    },
    "node_modules/@esbuild/aix-ppc64": {
      "version": "0.21.5",
      "resolved": "https://registry.npmjs.org/@esbuild/aix-ppc64/-/aix-ppc64-0.21.5.tgz",
      "integrity": "sha512-1SDgH6ZSPTlggy1yI6+Dbkiz8xzpHJEVAlF/AM1tHqwaCVVQYK0KojZLHQFx+w3XjT0GLPeWL9CFcMf5mLG4dA==",
      "cpu": [
        "ppc64"
      ],
      "optional": true,
      "os": [
        "aix"
      ],
      "engines": {
        "node": ">=12"
      }
    },
    "node_modules/@esbuild/android-arm": {
      "version": "0.21.5",
      "resolved": "https://registry.npmjs.org/@esbuild/android-arm/-/android-arm-0.21.5.tgz",
      "integrity": "sha512-qf7O0AAJE+DxgWhxpigcHEnuc07+mRqcdebugdJoM4Z26QV2+Hn+vqJ1NHXNbxbLb+WF6U6ScDtCYIo+RR2tXQw==",
      "cpu": [
        "arm"
      ],
      "optional": true,
      "os": [
        "android"
      ],
      "engines": {
        "node": ">=12"
      }
    },
    "node_modules/@esbuild/android-arm64": {
      "version": "0.21.5",
      "resolved": "https://registry.npmjs.org/@esbuild/android-arm64/-/android-arm64-0.21.5.tgz",
      "integrity": "sha512-c0uX9ZPZCB86xklzDd9fLFcV91S7G32MEPZ002VSVN2agcQQI60N/dUN2sDDwtcTSTvMM3CUZ99KUJriQt6z0w==",
      "cpu": [
        "arm64"
      ],
      "optional": true,
      "os": [
        "android"
      ],
      "engines": {
        "node": ">=12"
      }
    },
    "node_modules/@esbuild/android-x64": {
      "version": "0.21.5",
      "resolved": "https://registry.npmjs.org/@esbuild/android-x64/-/android-x64-0.21.5.tgz",
      "integrity": "sha512-D7aPRUcKAtT6/lhlEKnLWsJ3rMqQkQ2/HPdBV/8tMmq4E9OnUTeXTivsrtmALfRyindo3jWLaNav5fWsayKakw==",
      "cpu": [
        "x64"
      ],
      "optional": true,
      "os": [
        "android"
      ],
      "engines": {
        "node": ">=12"
      }
    },
    "node_modules/@esbuild/darwin-arm64": {
      "version": "0.21.5",
      "resolved": "https://registry.npmjs.org/@esbuild/darwin-arm64/-/darwin-arm64-0.21.5.tgz",
      "integrity": "sha512-DwqXqZupQtfvQEUnACt4vbIisFtyq/weYSwuSjnc65ahJlKbZqUjVH9W9qSmHpgEG+8EjzNQbYrCyS5QYPySzg==",
      "cpu": [
        "arm64"
      ],
      "optional": true,
      "os": [
        "darwin"
      ],
      "engines": {
        "node": ">=12"
      }
    },
    "node_modules/@esbuild/darwin-x64": {
      "version": "0.21.5",
      "resolved": "https://registry.npmjs.org/@esbuild/darwin-x64/-/darwin-x64-0.21.5.tgz",
      "integrity": "sha512-se/JjF/uS/fXWSZF9R7DEKCtENr/yKc6zivHsJ56v9V79naMQ19NCQXNm18/uvvjxpaMLGyW8Y5XYKQ7upcoDA==",
      "cpu": [
        "x64"
      ],
      "optional": true,
      "os": [
        "darwin"
      ],
      "engines": {
        "node": ">=12"
      }
    },
    "node_modules/@esbuild/freebsd-arm64": {
      "version": "0.21.5",
      "resolved": "https://registry.npmjs.org/@esbuild/freebsd-arm64/-/freebsd-arm64-0.21.5.tgz",
      "integrity": "sha512-5JcRxxfsKAX1GYzOjxXyQAXfmMwPxC1y6fjLb8r48tgChluQoK0PFuzjg+40Wq61j00n+1V8ANsljqO5ZeOrxA==",
      "cpu": [
        "arm64"
      ],
      "optional": true,
      "os": [
        "freebsd"
      ],
      "engines": {
        "node": ">=12"
      }
    },
    "node_modules/@esbuild/freebsd-x64": {
      "version": "0.21.5",
      "resolved": "https://registry.npmjs.org/@esbuild/freebsd-x64/-/freebsd-x64-0.21.5.tgz",
      "integrity": "sha512-J95VNUPxvQrMrZDU0lg5yQ+zsFvNkSvg6UYi2dSJ+wW1DvY3TtgSZUGMLrjWAPLTo2SVominMJqNShtoffDVNg==",
      "cpu": [
        "x64"
      ],
      "optional": true,
      "os": [
        "freebsd"
      ],
      "engines": {
        "node": ">=12"
      }
    },
    "node_modules/@esbuild/linux-arm": {
      "version": "0.21.5",
      "resolved": "https://registry.npmjs.org/@esbuild/linux-arm/-/linux-arm-0.21.5.tgz",
      "integrity": "sha512-bPkmn7o58vScWqQBfm2Ay9IluXC5XcSMjHc092PjVK/QoxsPJGHxripbiTy5UzLvUUGhBiYPC7IY46Ug7d+YYQ==",
      "cpu": [
        "arm"
      ],
      "optional": true,
      "os": [
        "linux"
      ],
      "engines": {
        "node": ">=12"
      }
    },
    "node_modules/@esbuild/linux-arm64": {
      "version": "0.21.5",
      "resolved": "https://registry.npmjs.org/@esbuild/linux-arm64/-/linux-arm64-0.21.5.tgz",
      "integrity": "sha512-ibALnV5M5jwEY7BR7RcD9L7dHVCzsXappVzIYmjg6Dc9ptbMnwIEJCgtBAPkA7zc5hxikLRYeMLfuSwbc2Y6Uw==",
      "cpu": [
        "arm64"
      ],
      "optional": true,
      "os": [
        "linux"
      ],
      "engines": {
        "node": ">=12"
      }
    },
    "node_modules/@esbuild/linux-ia32": {
      "version": "0.21.5",
      "resolved": "https://registry.npmjs.org/@esbuild/linux-ia32/-/linux-ia32-0.21.5.tgz",
      "integrity": "sha512-HfLOfBv3faJc9rNYXjRelizmwKLpOR3D622XYqXc8LtQ5NWMoVD0sVcv2Z4mKz0W+N2rthAarXM15u+Gz+eoAA==",
      "cpu": [
        "ia32"
      ],
      "optional": true,
      "os": [
        "linux"
      ],
      "engines": {
        "node": ">=12"
      }
    },
    "node_modules/@esbuild/linux-loong64": {
      "version": "0.21.5",
      "resolved": "https://registry.npmjs.org/@esbuild/linux-loong64/-/linux-loong64-0.21.5.tgz",
      "integrity": "sha512-uHf1BmMG8qEvzdnPDcRXDeLHHB84dXJjNDcdh1picH4RsTcD5V/noVzW1sQKwMCZHEoKvjlnDIMhSoMwVNQvIg==",
      "cpu": [
        "loong64"
      ],
      "optional": true,
      "os": [
        "linux"
      ],
      "engines": {
        "node": ">=12"
      }
    },
    "node_modules/@esbuild/linux-mips64el": {
      "version": "0.21.5",
      "resolved": "https://registry.npmjs.org/@esbuild/linux-mips64el/-/linux-mips64el-0.21.5.tgz",
      "integrity": "sha512-IajOV9ll/Ypf+0UjqI+Aksi1n+2HpFtNHmedthjTyhrIQnJksKszVvtNF3ZawrjsqGxmsVmnVjLKAKVv2ZeJw==",
      "cpu": [
        "mips64el"
      ],
      "optional": true,
      "os": [
        "linux"
      ],
      "engines": {
        "node": ">=12"
      }
    },
    "node_modules/@esbuild/linux-ppc64": {
      "version": "0.21.5",
      "resolved": "https://registry.npmjs.org/@esbuild/linux-ppc64/-/linux-ppc64-0.21.5.tgz",
      "integrity": "sha512-1hspDqyL8xceLNrz0d+56ejc5dHEPW1tPbJRhxd/lMyKSgViLLHc1dGJeXa/0c9+Afiwk+7nE7r1PjWR4pjQSw==",
      "cpu": [
        "ppc64"
      ],
      "optional": true,
      "os": [
        "linux"
      ],
      "engines": {
        "node": ">=12"
      }
    },
    "node_modules/@esbuild/linux-riscv64": {
      "version": "0.21.5",
      "resolved": "https://registry.npmjs.org/@esbuild/linux-riscv64/-/linux-riscv64-0.21.5.tgz",
      "integrity": "sha512-2HdXDMd9GMgTGrPWnJzP2UR1vrx4J+69ZUEznKxFmO+TNHxmIUdBund7YOUdZe/8microET41zvyNH45ejWHaUQ==",
      "cpu": [
        "riscv64"
      ],
      "optional": true,
      "os": [
        "linux"
      ],
      "engines": {
        "node": ">=12"
      }
    },
    "node_modules/@esbuild/linux-s390x": {
      "version": "0.21.5",
      "resolved": "https://registry.npmjs.org/@esbuild/linux-s390x/-/linux-s390x-0.21.5.tgz",
      "integrity": "sha512-zus5sAeri6carHXor15MXy7mdYAQD3ivVD55GJeys2qubPhHQaGnu8naVApKJjymExd2cordQykumFxo5n4Z9Rw==",
      "cpu": [
        "s390x"
      ],
      "optional": true,
      "os": [
        "linux"
      ],
      "engines": {
        "node": ">=12"
      }
    },
    "node_modules/@esbuild/linux-x64": {
      "version": "0.21.5",
      "resolved": "https://registry.npmjs.org/@esbuild/linux-x64/-/linux-x64-0.21.5.tgz",
      "integrity": "sha512-1Ij0lwql6lx3v9tg21akDAcagf4nTEo9whS23G34QY63pJmHiyangDHbF7+Fshm/Pc+PAuRec3EynIQlKQ24+w==",
      "cpu": [
        "x64"
      ],
      "optional": true,
      "os": [
        "linux"
      ],
      "engines": {
        "node": ">=12"
      }
    },
    "node_modules/@esbuild/netbsd-x64": {
      "version": "0.21.5",
      "resolved": "https://registry.npmjs.org/@esbuild/netbsd-x64/-/netbsd-x64-0.21.5.tgz",
      "integrity": "sha512-Woi2MXW7JJUcrQo/Bhs8v+AgFxNVcvIsZwBTF6k6rqVS5+KJ1HIcMxUnlI5OnzIw0ZvHfNTwIsTEFYuGScNc5w==",
      "cpu": [
        "x64"
      ],
      "optional": true,
      "os": [
        "netbsd"
      ],
      "engines": {
        "node": ">=12"
      }
    },
    "node_modules/@esbuild/openbsd-arm64": {
      "version": "0.21.5",
      "resolved": "https://registry.npmjs.org/@esbuild/openbsd-arm64/-/openbsd-arm64-0.21.5.tgz",
      "integrity": "sha512-HLxD8cJiamZa4/JJf8HX+qPMYeZe8p/+SY1RcvyXw+IoKbcyXeByBxY7z2zf/R/xnd0XoNCXkvxRj5dUDAPFw==",
      "cpu": [
        "arm64"
      ],
      "optional": true,
      "os": [
        "openbsd"
      ],
      "engines": {
        "node": ">=12"
      }
    },
    "node_modules/@esbuild/openbsd-x64": {
      "version": "0.21.5",
      "resolved": "https://registry.npmjs.org/@esbuild/openbsd-x64/-/openbsd-x64-0.21.5.tgz",
      "integrity": "sha512-YvlYB1ag2n9gB5+oHKdgWlPhQ/9+tXWfrika2+W5W2f+XlfAKSXycv5t3CRVY5+9YRA/3aIdGfjWaEOBPqXeYw==",
      "cpu": [
        "x64"
      ],
      "optional": true,
      "os": [
        "openbsd"
      ],
      "engines": {
        "node": ">=12"
      }
    },
    "node_modules/@esbuild/sunos-x64": {
      "version": "0.21.5",
      "resolved": "https://registry.npmjs.org/@esbuild/sunos-x64/-/sunos-x64-0.21.5.tgz",
      "integrity": "sha512-6+gjmFpfy0BHU5Tpptkuh19DVIWbqE2KwE28LCHQxWLULE1d0//xl8JCnkb26IHaNzNtjx7dojx2N2mRjNsidA==",
      "cpu": [
        "x64"
      ],
      "optional": true,
      "os": [
        "sunos"
      ],
      "engines": {
        "node": ">=12"
      }
    },
    "node_modules/@esbuild/win32-arm64": {
      "version": "0.21.5",
      "resolved": "https://registry.npmjs.org/@esbuild/win32-arm64/-/win32-arm64-0.21.5.tgz",
      "integrity": "sha512-Z0gODQkA8mjQkUHrMa35UucJGEh5IywFM/see7DNf00NV9c52ysTwK17W5/SjsCQIQ5ADh5KNdME2g8cSGkbIw==",
      "cpu": [
        "arm64"
      ],
      "optional": true,
      "os": [
        "win32"
      ],
      "engines": {
        "node": ">=12"
      }
    },
    "node_modules/@esbuild/win32-ia32": {
      "version": "0.21.5",
      "resolved": "https://registry.npmjs.org/@esbuild/win32-ia32/-/win32-ia32-0.21.5.tgz",
      "integrity": "sha512-SWXFF1CL2RVBvASawlmqtawm94Z/MQC7oJw2kBTMXuS4IUJLvx8/9+96p/E0Z5khroughly0IuEkbc8v0/A64AXw==",
      "cpu": [
        "ia32"
      ],
      "optional": true,
      "os": [
        "win32"
      ],
      "engines": {
        "node": ">=12"
      }
    },
    "node_modules/@esbuild/win32-x64": {
      "version": "0.21.5",
      "resolved": "https://registry.npmjs.org/@esbuild/win32-x64/-/win32-x64-0.21.5.tgz",
      "integrity": "sha512-tQd/11FfDcM+O2FEDndcaDBXWNdea30cZmIicE7//0A4E+g2NPabAW7DPGA0+NOAC858gccLRygYkDMDJhu9AQ==",
      "cpu": [
        "x64"
      ],
      "optional": true,
      "os": [
        "win32"
      ],
      "engines": {
        "node": ">=12"
      }
    },
    "node_modules/@types/three": {
      "version": "0.184.1",
      "resolved": "https://registry.npmjs.org/@types/three/-/three-0.184.1.tgz",
      "integrity": "sha512-2AhOI1k+LxpNHfJePvCHGnVCbx0K6JHJK8J1J/n1qkVmXc8cVNAVvIpx+Q7XZIVmq5HXmZFkGqQJJkWmKlO3sw==",
      "dev": true
    },
    "node_modules/@volar/language-core": {
      "version": "2.0.29",
      "resolved": "https://registry.npmjs.org/@volar/language-core/-/language-core-2.0.29.tgz",
      "integrity": "sha512-WE+YU2mQq96YcSJvvCa1CbJpkBhzXFf1d/Ww9rkEHl7xnJVYKUn8JUjPvdBW7+bXjFMqxkzVdnkRWKVc7SAkA==",
      "dev": true,
      "dependencies": {
        "@volar/source-map": "2.0.29"
      }
    },
    "node_modules/@volar/source-map": {
      "version": "2.0.29",
      "resolved": "https://registry.npmjs.org/@volar/source-map/-/source-map-2.0.29.tgz",
      "integrity": "sha512-K/qKJmLgQPJevn3qEgrVfPLH3T7vc0q6r2X0pVS0KW2rNs0+5l0zf8bGWGGbP/BYmBU8NknbXhLm3NNzVYxhw==",
      "dev": true
    },
    "node_modules/esbuild": {
      "version": "0.21.5",
      "resolved": "https://registry.npmjs.org/esbuild/-/esbuild-0.21.5.tgz",
      "integrity": "sha512-tqPSH8UJbpo2Z2n9+p13Y0Hsn2tQ2EVWXxQaked8VC+6svNJltPL1WuNvberA2PVUixer5841YQU87g5cFIkjA==",
      "dev": true,
      "hasInstallScript": true,
      "bin": {
        "esbuild": "bin/esbuild"
      },
      "engines": {
        "node": ">=12"
      },
      "optionalDependencies": {
        "@esbuild/aix-ppc64": "0.21.5",
        "@esbuild/android-arm": "0.21.5",
        "@esbuild/android-arm64": "0.21.5",
        "@esbuild/android-x64": "0.21.5",
        "@esbuild/darwin-arm64": "0.21.5",
        "@esbuild/darwin-x64": "0.21.5",
        "@esbuild/freebsd-arm64": "0.21.5",
        "@esbuild/freebsd-x64": "0.21.5",
        "@esbuild/linux-arm": "0.21.5",
        "@esbuild/linux-arm64": "0.21.5",
        "@esbuild/linux-ia32": "0.21.5",
        "@esbuild/linux-loong64": "0.21.5",
        "@esbuild/linux-mips64el": "0.21.5",
        "@esbuild/linux-ppc64": "0.21.5",
        "@esbuild/linux-riscv64": "0.21.5",
        "@esbuild/linux-s390x": "0.21.5",
        "@esbuild/linux-x64": "0.21.5",
        "@esbuild/netbsd-x64": "0.21.5",
        "@esbuild/openbsd-arm64": "0.21.5",
        "@esbuild/openbsd-x64": "0.21.5",
        "@esbuild/sunos-x64": "0.21.5",
        "@esbuild/win32-arm64": "0.21.5",
        "@esbuild/win32-ia32": "0.21.5",
        "@esbuild/win32-x64": "0.21.5"
      }
    },
    "node_modules/glsl-shader-loader": {
      "version": "1.1.2",
      "resolved": "https://registry.npmjs.org/glsl-shader-loader/-/glsl-shader-loader-1.1.2.tgz",
      "integrity": "sha512-L5bRo5RgEjHFv/VLVHxYsLyJN8OPQWGJlAhVqyABjLkQpQVIK19bvbGm8b7xZB3K9HvLJhxkP4aXqKqI/q9BKw==",
      "dev": true,
      "dependencies": {
        "loader-utils": "^1.1.0"
      }
    },
    "node_modules/gsap": {
      "version": "3.15.0",
      "resolved": "https://registry.npmjs.org/gsap/-/gsap-3.15.0.tgz",
      "integrity": "sha512-r+GdsqHT3KKGpj16M/5cz+eHaZ/rkWqJnE99a9v9dVt8CnCJUvH7sZcEADGwk/PX+/aG9lYrN0qIR+H/7/8zg==",
      "engines": {
        "node": ">=14.0.0"
      }
    },
    "node_modules/lil-gui": {
      "version": "0.21.0",
      "resolved": "https://registry.npmjs.org/lil-gui/-/lil-gui-0.21.0.tgz",
      "integrity": "sha512-3xv9pN1DqT3bIeXVxWcJsVEEhFe7DL7Aq+sZsqXVcbCVH3vIcJZDQrpCYtX3qC7x4a0tAZZ1L0uWXjlJC8a3Fw=="
    },
    "node_modules/loader-utils": {
      "version": "1.4.2",
      "resolved": "https://registry.npmjs.org/loader-utils/-/loader-utils-1.4.2.tgz",
      "integrity": "sha512-I5d00Pd/jwWRZwewnM3/CHSPV+K+/ExFxkupQnZZD1afMFq4ZZUsjVl16gBljSi+my3jGlXbVUxYqKAP7Cm1Vw==",
      "dev": true,
      "dependencies": {
        "big.js": "^5.2.2",
        "emojis-list": "^3.0.0",
        "json5": "^1.0.1"
      },
      "engines": {
        "node": ">=4.0.0"
      }
    },
    "node_modules/big.js": {
      "version": "5.2.2",
      "resolved": "https://registry.npmjs.org/big.js/-/big.js-5.2.2.tgz",
      "integrity": "sha512-vyL2OymJxmarO8gxMr0mhChsO9QGXb56KSo0KksqK0+V7fqnICJ6lyIfDAVYYsfEZDuZw0KdAlufUOvxfpExtw==",
      "dev": true,
      "engines": {
        "node": "*"
      }
    },
    "node_modules/emojis-list": {
      "version": "3.0.0",
      "resolved": "https://registry.npmjs.org/emojis-list/-/emojis-list-3.0.0.tgz",
      "integrity": "sha512-/kyM18EfinwXZKO4FQiE1/7+TEcJ5ctmul8RS2ReqWcrbxlaTXbio13La/Qr5m1UXWGlNAmQ40jqnf9CrkT5dw==",
      "dev": true,
      "engines": {
        "node": ">= 4"
      }
    },
    "node_modules/json5": {
      "version": "1.0.2",
      "resolved": "https://registry.npmjs.org/json5/-/json5-1.0.2.tgz",
      "integrity": "sha512-g1MWMLBiz8FKvMCVMSL/W6KZSvqNvSFYkq3xjVeEjM/aqUZLz+IK41lyc0To5UFi+h3PkMUDStatusjKA2FaGKw==",
      "dev": true,
      "dependencies": {
        "minimist": "^1.2.0"
      },
      "bin": {
        "json5": "lib/cli.js"
      }
    },
    "node_modules/minimist": {
      "version": "1.2.8",
      "resolved": "https://registry.npmjs.org/minimist/-/minimist-1.2.8.tgz",
      "integrity": "sha512-2yyAR8qBkN3YausSydP7SOM1QNYtOTL5aDo6 /bin/minimist",
      "dev": true,
      "funding": {
        "url": "https://github.com/sponsors/ljharb"
      }
    },
    "node_modules/picocolors": {
      "version": "1.0.0",
      "resolved": "https://registry.npmjs.org/picocolors/-/picocolors-1.0.0.tgz",
      "integrity": "sha512-1fygroTLlHu66zi26VoTDv8yRgm0Fccecssto+MK6+n72XRBoDw/tznBW+gY94pv33HejO7gFYDCQS53bcUMZw==",
      "dev": true
    },
    "node_modules/postcss": {
      "version": "8.4.38",
      "resolved": "https://registry.npmjs.org/postcss/-/postcss-8.4.38.tgz",
      "integrity": "sha512-Wglpdk03BSfXkHoQa3b/oulrotgW0IZ0KsSVsZVMZ+LQAitZ2bOtSCAsd/7klkBo3dpTSuk+dcip1O1V9pt4vQ==",
      "dev": true,
      "funding": [
        {
          "type": "opencollective",
          "url": "https://opencollective.com/postcss/"
        },
        {
          "type": "tidelift",
          "url": "https://tidelift.com/funding/postcss"
        },
        {
          "type": "github",
          "url": "https://github.com/sponsors/ai"
        }
      ],
      "dependencies": {
        "nanoid": "^3.3.7",
        "picocolors": "^1.0.0",
        "source-map-js": "^1.2.0"
      },
      "engines": {
        "node": "^8.2 || >=12"
      }
    },
    "node_modules/nanoid": {
      "version": "3.3.7",
      "resolved": "https://registry.npmjs.org/nanoid/-/nanoid-3.3.7.tgz",
      "integrity": "sha512-eSRppjcPIatRIMC1U6UngP8XFcz8MQWGQdt1MTBQ7NaAmvXDfvNxbvWV3x2y6CdEUciCSsMozEm4gcMmgE7Aw==",
      "dev": true,
      "funding": [
        {
          "type": "github",
          "url": "https://github.com/sponsors/ai"
        }
      ],
      "bin": {
        "nanoid": "bin/nanoid.js"
      },
      "engines": {
        "node": "^10 || ^12 || ^13.7 || ^14 || >=15.0.1"
      }
    },
    "node_modules/qrcode": {
      "version": "1.5.3",
      "resolved": "https://registry.npmjs.org/qrcode/-/qrcode-1.5.3.tgz",
      "integrity": "sha512-pzV+nwpjyAbotzjnNM6t23wcxWxznIo+byTZWAeqozi3RfMEsDqlqwk/dYvAJAiYq8CgaZjJ/58PblIBZR2SSw==",
      "dependencies": {
        "dijkstrajs": "^1.0.1",
        "encode-utf8": "^1.0.3",
        "qrcode-core": "^1.0.0"
      }
    },
    "node_modules/dijkstrajs": {
      "version": "1.0.3",
      "resolved": "https://registry.npmjs.org/dijkstrajs/-/dijkstrajs-1.0.3.tgz",
      "integrity": "sha512-og6lbxaHonrPhKzn6dMXy+49NNvD35r+84dElVrx/e1xX1+rAzGi+MaLl+6SJ+Yy/y1DusMP3CdWQvC3i3UsDw=="
    },
    "node_modules/encode-utf8": {
      "version": "1.0.3",
      "resolved": "https://registry.npmjs.org/encode-utf8/-/encode-utf8-1.0.3.tgz",
      "integrity": "sha512-ucAnuBEhUK4boH2HjVYGtBvFKBLOp6cRKc2FSZSkrik/prj1KQPT0HiQbcRsoxIcFxcNwebo7d7nRv3ppy+sfA=="
    },
    "node_modules/qrcode-core": {
      "version": "1.0.0",
      "resolved": "https://registry.npmjs.org/qrcode-core/-/qrcode-core-1.0.0.tgz",
      "integrity": "sha512-WxjJJV4G8MY/CpuHq8HZJF4dZbCW19XdE7EB4bZdBTzGkq6eYEkCaJAH+0NU/K4h/YM8K0+eFTFhPDmGvkz9g=="
    },
    "node_modules/source-map-js": {
      "version": "1.2.0",
      "resolved": "https://registry.npmjs.org/source-map-js/-/source-map-js-1.2.0.tgz",
      "integrity": "sha512-itJW8lvSA0TXn9T0jwhMSt8DL2BDP5yomNsSDyJ2ZamNvYRvixveNe5KMsqXIwNKW6ZaPheqg+kB6rvneuL0ZQ==",
      "dev": true,
      "engines": {
        "node": ">=0.10.0"
      }
    },
    "node_modules/stats.js": {
      "version": "0.17.0",
      "resolved": "https://registry.npmjs.org/stats.js/-/stats.js-0.17.0.tgz",
      "integrity": "sha512-pJno6PjS9R0FVqEi3rVWNFzQZcKsHhvl+/5PqrQcYsJD9PJ/F7OzYVwRPdJJsXV/l8C4Q9J0pVQjDvxHCf8pA=="
    },
    "node_modules/three": {
      "version": "0.184.0",
      "resolved": "https://registry.npmjs.org/three/-/three-0.184.0.tgz",
      "integrity": "sha512-LiqK6q0nFfyLXhW8l6IB6WzMX2GVjWJKyQP8E2I0Wd84xhfEqfAVU8Jjc3QYK4kO5Kh/Rw7UJ1uUgN8OqYUpA=="
    },
    "node_modules/vite": {
      "version": "8.0.12",
      "resolved": "https://registry.npmjs.org/vite/-/vite-8.0.12.tgz",
      "integrity": "sha512-BRXhoXN/+ysRDLRvRx5s9N4aS7jHXJDpqLJQfn0+QQl2TxnxPH2VLh4ww4+KW7oW7O6z6fvK3fYBu4bLGmP9w==",
      "dev": true,
      "dependencies": {
        "esbuild": "^0.21.3",
        "postcss": "^8.4.38",
        "resolve": "^1.22.8"
      },
      "bin": {
        "vite": "bin/vite.js"
      },
      "engines": {
        "node": "^14.18.0 || >=16.0.0"
      },
      "optionalDependencies": {
        "fsevents": "~2.3.3",
        "sass": "^1.70.0"
      },
      "peerDependencies": {
        "@types/node": "^18.0.0 || ^20.0.0",
        "less": "*",
        "lightningcss": "*",
        "sass": "*",
        "stylus": "*",
        "sugarss": "*",
        "terser": "*"
      },
      "peerDependenciesMeta": {
        "@types/node": {
          "optional": true
        },
        "less": {
          "optional": true
        },
        "lightningcss": {
          "optional": true
        },
        "sass": {
          "optional": true
        },
        "stylus": {
          "optional": true
        },
        "sugarss": {
          "optional": true
        },
        "terser": {
          "optional": true
        }
      }
    },
    "node_modules/resolve": {
      "version": "1.22.8",
      "resolved": "https://registry.npmjs.org/resolve/-/resolve-1.22.8.tgz",
      "integrity": "sha512-oKWePCxqnK+TPbH5QUWMfSyoCMDOVfIuNNuqKSrvRXnN3vyspOe6r74DZo5aw5V3PnZRm7rnbl0sByHoaRcZA==",
      "dev": true,
      "dependencies": {
        "is-core-module": "^2.13.0",
        "path-parse": "^1.0.7",
        "supports-preserve-symlinks-flag": "^1.0.0"
      },
      "bin": {
        "resolve": "bin/resolve"
      },
      "funding": {
        "url": "https://github.com/browserify/resolve/issues"
      }
    },
    "node_modules/is-core-module": {
      "version": "2.13.1",
      "resolved": "https://registry.npmjs.org/is-core-module/-/is-core-module-2.13.1.tgz",
      "integrity": "sha512-Z7dk6Qo8pOCp3l4tsixzLIjqa+XPLLUMpFImtijMbEvDAptIB3/wOrrJnUnW6BlbEckoSh4LEFT05DQ+DQUcrA==",
      "dev": true,
      "dependencies": {
        "has": "^1.0.3"
      },
      "funding": {
        "url": "https://github.com/sponsors/ljharb"
      }
    },
    "node_modules/has": {
      "version": "1.0.4",
      "resolved": "https://registry.npmjs.org/has/-/has-1.0.4.tgz",
      "integrity": "sha512-qdSAmqSnqYz3+EuEwSnY4cqQyn5sSWxDJK7R+naBDHjxNqQIn63QjtQ5v+O5MToiBiiXavyJl7zdeyGdZch5vQ==",
      "dev": true,
      "dependencies": {
        "function-bind": "^1.1.1"
      },
      "engines": {
        "node": ">= 0.4.0"
      }
    },
    "node_modules/function-bind": {
      "version": "1.1.2",
      "resolved": "https://registry.npmjs.org/function-bind/-/function-bind-1.1.2.tgz",
      "integrity": "sha512-7XHNxH7qX9xG5mIwxkhumTqAztjc0K7aldlraVT7GQlsFZCphqWiZfQnDywNsDhZ9qo5XUnVrtnyPJX3MwsYQ==",
      "dev": true
    },
    "node_modules/path-parse": {
      "version": "1.0.7",
      "resolved": "https://registry.npmjs.org/path-parse/-/path-parse-1.0.7.tgz",
      "integrity": "sha512-LDJzPVEEEPR+y48z93A0Ed0yXb8pAByGWo/k5YYdYgpY2/2EsOsE2nO4K6gxILEY+JIwtM2V+CBASrwmyWf9pA==",
      "dev": true
    },
    "node_modules/supports-preserve-symlinks-flag": {
      "version": "1.0.0",
      "resolved": "https://registry.npmjs.org/supports-preserve-symlinks-flag/-/supports-preserve-symlinks-flag-1.0.0.tgz",
      "integrity": "sha512-ot0mICyGNYnowvlEmk5BmZmIgtSqw9S7j2dC3Dir7wJXudXqTnraSVVxy+y+OSMwuGmBy8euYASnsbgemmysxQ==",
      "dev": true
    },
    "node_modules/vite-plugin-glsl": {
      "version": "1.6.0",
      "resolved": "https://registry.npmjs.org/vite-plugin-glsl/-/vite-plugin-glsl-1.6.0.tgz",
      "integrity": "sha512-VNMqQMgxM8z/c+aLjy2pKiTvvT/5W3Lmj0MwCLN6L0Ry9zRLQlCHMIh8X0a1HJSPTyq7gKCU5xyFxGqPJjlJg==",
      "dev": true,
      "dependencies": {
        "glsl-shader-loader": "^1.1.2"
      }
    }
  }
}
